
Microsoft Visual Studio Solution File, Format Version 12.00
# Visual Studio Version 17
VisualStudioVersion = 17.5.33502.453
MinimumVisualStudioVersion = 10.0.40219.1
Project("{9A19103F-16F7-4668-BE54-9A1E7A4F7556}") = "ABPTestTask", "ABPTestTask\ABPTestTask.csproj", "{C7A9D81D-639B-4F90-B719-C05AB1356081}"
EndProject
Project("{FAE04EC0-301F-11D3-BF4B-00C04F79EFBC}") = "UnitTestProjectABP", "UnitTestProjectABP\UnitTestProjectABP.csproj", "{ED4DF53B-62FE-4B04-B836-E3741AB0B00F}"
EndProject
Global
	GlobalSection(SolutionConfigurationPlatforms) = preSolution
		Debug|Any CPU = Debug|Any CPU
		Release|Any CPU = Release|Any CPU
	EndGlobalSection
	GlobalSection(ProjectConfigurationPlatforms) = postSolution
		{C7A9D81D-639B-4F90-B719-C05AB1356081}.Debug|Any CPU.ActiveCfg = Debug|Any CPU
		{C7A9D81D-639B-4F90-B719-C05AB1356081}.Debug|Any CPU.Build.0 = Debug|Any CPU
		{C7A9D81D-639B-4F90-B719-C05AB1356081}.Release|Any CPU.ActiveCfg = Release|Any CPU
		{C7A9D81D-639B-4F90-B719-C05AB1356081}.Release|Any CPU.Build.0 = Release|Any CPU
		{ED4DF53B-62FE-4B04-B836-E3741AB0B00F}.Debug|Any CPU.ActiveCfg = Debug|Any CPU
		{ED4DF53B-62FE-4B04-B836-E3741AB0B00F}.Debug|Any CPU.Build.0 = Debug|Any CPU
		{ED4DF53B-62FE-4B04-B836-E3741AB0B00F}.Release|Any CPU.ActiveCfg = Release|Any CPU
		{ED4DF53B-62FE-4B04-B836-E3741AB0B00F}.Release|Any CPU.Build.0 = Release|Any CPU
	EndGlobalSection
	GlobalSection(SolutionProperties) = preSolution
		HideSolutionNode = FALSE
	EndGlobalSection
	GlobalSection(ExtensibilityGlobals) = postSolution
		SolutionGuid = {26FCE14E-E1DE-4161-9596-C2748381A1EA}
	EndGlobalSection
EndGlobal
